
Microsoft Visual Studio Solution File, Format Version 12.00
# Visual Studio 2013
VisualStudioVersion = 12.0.31101.0
MinimumVisualStudioVersion = 10.0.40219.1
Project("{FAE04EC0-301F-11D3-BF4B-00C04F79EFBC}") = "AcECAMS", "NbssECAMS\AcECAMS.csproj", "{D95E7342-F8DA-4AA1-B8A0-6073216DDFF1}"
EndProject
Project("{2150E333-8FDC-42A3-9474-1A3956D46DE8}") = "基础框架", "基础框架", "{28384BFE-622B-48AD-8CE6-1FE5E36F82FE}"
EndProject
Project("{FAE04EC0-301F-11D3-BF4B-00C04F79EFBC}") = "LicenceManager", "基础框架\LicenceManager\LicenceManager.csproj", "{785AA2AA-CC7E-408B-B61C-2DFB906D1797}"
EndProject
Project("{FAE04EC0-301F-11D3-BF4B-00C04F79EFBC}") = "ModuleCrossPnP", "基础框架\ModuleAttachInterface\ModuleCrossPnP.csproj", "{8EBCDA91-8A16-46FA-84BD-784982F9EAC8}"
EndProject
Project("{FAE04EC0-301F-11D3-BF4B-00C04F79EFBC}") = "FlowCtlBaseModel", "基础框架\PLProcessModel\FlowCtlBaseModel.csproj", "{178D26DF-C682-42D8-AEAB-C816111B69C6}"
EndProject
Project("{2150E333-8FDC-42A3-9474-1A3956D46DE8}") = "日志及记录", "日志及记录", "{A3284166-197F-41FD-ACED-9242061BB2CB}"
EndProject
Project("{FAE04EC0-301F-11D3-BF4B-00C04F79EFBC}") = "LogInterface", "日志及记录\LogInterface\LogInterface.csproj", "{F929E2C2-43ED-4D7E-8426-356B0EC3C540}"
EndProject
Project("{FAE04EC0-301F-11D3-BF4B-00C04F79EFBC}") = "LogManage", "日志及记录\LogManage\LogManage.csproj", "{F7B5E062-39A2-49A7-9233-21150F3DFB09}"
EndProject
Project("{2150E333-8FDC-42A3-9474-1A3956D46DE8}") = "流程控制", "流程控制", "{6DBB2376-272E-4F58-818C-E484F230A13B}"
EndProject
Project("{2150E333-8FDC-42A3-9474-1A3956D46DE8}") = "立库管理控制", "立库管理控制", "{3E196D78-FDD6-4B90-8E62-713A417F1717}"
EndProject
Project("{FAE04EC0-301F-11D3-BF4B-00C04F79EFBC}") = "AsrsInterface", "立库管理\AsrsInterface\AsrsInterface.csproj", "{3A9AD116-CA47-465E-AB89-3AB3346CB661}"
EndProject
Project("{FAE04EC0-301F-11D3-BF4B-00C04F79EFBC}") = "ProcessCtl", "流程控制\NbProcessCtl\ProcessCtl.csproj", "{362F4D48-1622-4FA6-B26E-5F2B58A9949B}"
EndProject
Project("{FAE04EC0-301F-11D3-BF4B-00C04F79EFBC}") = "AsrsModel", "立库管理\AsrsModel\AsrsModel.csproj", "{5A6FA1E2-2E9B-4FAF-93EC-BC6E1EF370DE}"
EndProject
Project("{FAE04EC0-301F-11D3-BF4B-00C04F79EFBC}") = "AsrsControl", "立库管理\AsrsControl\AsrsControl.csproj", "{1178AD55-557B-454B-98C6-60C262434666}"
EndProject
Project("{FAE04EC0-301F-11D3-BF4B-00C04F79EFBC}") = "AsrsStorage", "立库管理\AsrsStorage\AsrsStorage.csproj", "{8A7A0760-711D-4778-963A-97A48BA23765}"
EndProject
Project("{FAE04EC0-301F-11D3-BF4B-00C04F79EFBC}") = "ASRSStorManage", "立库管理\ASRSStorManage\ASRSStorManage.csproj", "{944D95F5-15BD-4C79-8D35-0DE37100AD36}"
EndProject
Project("{FAE04EC0-301F-11D3-BF4B-00C04F79EFBC}") = "AsrsStorDBAcc", "立库管理\AsrsStorDBAcc\AsrsStorDBAcc.csproj", "{A1285A1E-D238-467B-89B2-BCF58BB4D2EE}"
EndProject
Project("{FAE04EC0-301F-11D3-BF4B-00C04F79EFBC}") = "CreateKey", "CreateKey\CreateKey.csproj", "{F87116B4-1B95-408B-8506-709C92F7B650}"
EndProject
Project("{2150E333-8FDC-42A3-9474-1A3956D46DE8}") = "配置管理", "配置管理", "{EE967FFE-155D-49E1-8EBD-46D640793381}"
EndProject
Project("{FAE04EC0-301F-11D3-BF4B-00C04F79EFBC}") = "ConfigManage", "配置管理\ConfigManage\ConfigManage.csproj", "{5AB1D7F4-0D37-4D6D-9939-1D6026CD33FD}"
EndProject
Project("{FAE04EC0-301F-11D3-BF4B-00C04F79EFBC}") = "UtilityToolkit", "UtilityToolkit\UtilityToolkit.csproj", "{8A430E1A-7A71-42F7-8429-CCB2261D8DEE}"
EndProject
Project("{FAE04EC0-301F-11D3-BF4B-00C04F79EFBC}") = "NbssRemoteOP", "NbssRemoteOP\NbssRemoteOP.csproj", "{9B4F18AF-1714-4C10-B099-C33350009232}"
EndProject
Project("{FAE04EC0-301F-11D3-BF4B-00C04F79EFBC}") = "ToolkitTest", "ToolkitTest\ToolkitTest.csproj", "{093BD17B-1AC0-4866-A5C5-F5EF9BCF0D20}"
EndProject
Project("{FAE04EC0-301F-11D3-BF4B-00C04F79EFBC}") = "SysCfg", "配置管理\SysCfgModel\SysCfg.csproj", "{CA19B9F8-8521-40C8-8918-33B15B2935D2}"
EndProject
Project("{FAE04EC0-301F-11D3-BF4B-00C04F79EFBC}") = "CtlDBAccess", "CtlDBAccess\CtlDBAccess.csproj", "{2180A519-31FE-4C19-8D39-A4DFEC26CF9A}"
EndProject
Project("{FAE04EC0-301F-11D3-BF4B-00C04F79EFBC}") = "MesDBAccess", "MesDBAccess\MesDBAccess.csproj", "{6861EE48-2C2C-4034-8930-181EBE48CC7A}"
EndProject
Project("{FAE04EC0-301F-11D3-BF4B-00C04F79EFBC}") = "DevInterface", "..\..\..\..\设备接口\设备及外部系统对接\DevInterface\DevInterface.csproj", "{AE429508-4CB7-499E-88F0-C939496E7BEA}"
EndProject
Project("{FAE04EC0-301F-11D3-BF4B-00C04F79EFBC}") = "DevAccess", "..\..\..\..\设备接口\设备及外部系统对接\DevAccess\DevAccess.csproj", "{C5F63C04-3B10-4FA9-96CA-226C4D405583}"
EndProject
Project("{FAE04EC0-301F-11D3-BF4B-00C04F79EFBC}") = "ProductRecordView", "日志及记录\ProductRecordView\ProductRecordView.csproj", "{7324889C-E198-4959-903A-4D183C356CB3}"
EndProject
Global
	GlobalSection(SolutionConfigurationPlatforms) = preSolution
		Debug|Any CPU = Debug|Any CPU
		Debug|Mixed Platforms = Debug|Mixed Platforms
		Debug|x64 = Debug|x64
		Debug|x86 = Debug|x86
		Release|Any CPU = Release|Any CPU
		Release|Mixed Platforms = Release|Mixed Platforms
		Release|x64 = Release|x64
		Release|x86 = Release|x86
	EndGlobalSection
	GlobalSection(ProjectConfigurationPlatforms) = postSolution
		{D95E7342-F8DA-4AA1-B8A0-6073216DDFF1}.Debug|Any CPU.ActiveCfg = Debug|Any CPU
		{D95E7342-F8DA-4AA1-B8A0-6073216DDFF1}.Debug|Any CPU.Build.0 = Debug|Any CPU
		{D95E7342-F8DA-4AA1-B8A0-6073216DDFF1}.Debug|Mixed Platforms.ActiveCfg = Debug|x86
		{D95E7342-F8DA-4AA1-B8A0-6073216DDFF1}.Debug|Mixed Platforms.Build.0 = Debug|x86
		{D95E7342-F8DA-4AA1-B8A0-6073216DDFF1}.Debug|x64.ActiveCfg = Debug|Any CPU
		{D95E7342-F8DA-4AA1-B8A0-6073216DDFF1}.Debug|x86.ActiveCfg = Debug|Any CPU
		{D95E7342-F8DA-4AA1-B8A0-6073216DDFF1}.Release|Any CPU.ActiveCfg = Release|Any CPU
		{D95E7342-F8DA-4AA1-B8A0-6073216DDFF1}.Release|Any CPU.Build.0 = Release|Any CPU
		{D95E7342-F8DA-4AA1-B8A0-6073216DDFF1}.Release|Mixed Platforms.ActiveCfg = Release|x86
		{D95E7342-F8DA-4AA1-B8A0-6073216DDFF1}.Release|Mixed Platforms.Build.0 = Release|x86
		{D95E7342-F8DA-4AA1-B8A0-6073216DDFF1}.Release|x64.ActiveCfg = Release|Any CPU
		{D95E7342-F8DA-4AA1-B8A0-6073216DDFF1}.Release|x86.ActiveCfg = Release|x86
		{D95E7342-F8DA-4AA1-B8A0-6073216DDFF1}.Release|x86.Build.0 = Release|x86
		{785AA2AA-CC7E-408B-B61C-2DFB906D1797}.Debug|Any CPU.ActiveCfg = Debug|Any CPU
		{785AA2AA-CC7E-408B-B61C-2DFB906D1797}.Debug|Any CPU.Build.0 = Debug|Any CPU
		{785AA2AA-CC7E-408B-B61C-2DFB906D1797}.Debug|Mixed Platforms.ActiveCfg = Debug|x86
		{785AA2AA-CC7E-408B-B61C-2DFB906D1797}.Debug|Mixed Platforms.Build.0 = Debug|x86
		{785AA2AA-CC7E-408B-B61C-2DFB906D1797}.Debug|x64.ActiveCfg = Debug|Any CPU
		{785AA2AA-CC7E-408B-B61C-2DFB906D1797}.Debug|x86.ActiveCfg = Debug|x86
		{785AA2AA-CC7E-408B-B61C-2DFB906D1797}.Debug|x86.Build.0 = Debug|x86
		{785AA2AA-CC7E-408B-B61C-2DFB906D1797}.Release|Any CPU.ActiveCfg = Release|Any CPU
		{785AA2AA-CC7E-408B-B61C-2DFB906D1797}.Release|Any CPU.Build.0 = Release|Any CPU
		{785AA2AA-CC7E-408B-B61C-2DFB906D1797}.Release|Mixed Platforms.ActiveCfg = Release|x86
		{785AA2AA-CC7E-408B-B61C-2DFB906D1797}.Release|Mixed Platforms.Build.0 = Release|x86
		{785AA2AA-CC7E-408B-B61C-2DFB906D1797}.Release|x64.ActiveCfg = Release|Any CPU
		{785AA2AA-CC7E-408B-B61C-2DFB906D1797}.Release|x86.ActiveCfg = Release|x86
		{785AA2AA-CC7E-408B-B61C-2DFB906D1797}.Release|x86.Build.0 = Release|x86
		{8EBCDA91-8A16-46FA-84BD-784982F9EAC8}.Debug|Any CPU.ActiveCfg = Debug|Any CPU
		{8EBCDA91-8A16-46FA-84BD-784982F9EAC8}.Debug|Any CPU.Build.0 = Debug|Any CPU
		{8EBCDA91-8A16-46FA-84BD-784982F9EAC8}.Debug|Mixed Platforms.ActiveCfg = Debug|x86
		{8EBCDA91-8A16-46FA-84BD-784982F9EAC8}.Debug|Mixed Platforms.Build.0 = Debug|x86
		{8EBCDA91-8A16-46FA-84BD-784982F9EAC8}.Debug|x64.ActiveCfg = Debug|Any CPU
		{8EBCDA91-8A16-46FA-84BD-784982F9EAC8}.Debug|x86.ActiveCfg = Debug|x86
		{8EBCDA91-8A16-46FA-84BD-784982F9EAC8}.Debug|x86.Build.0 = Debug|x86
		{8EBCDA91-8A16-46FA-84BD-784982F9EAC8}.Release|Any CPU.ActiveCfg = Release|Any CPU
		{8EBCDA91-8A16-46FA-84BD-784982F9EAC8}.Release|Any CPU.Build.0 = Release|Any CPU
		{8EBCDA91-8A16-46FA-84BD-784982F9EAC8}.Release|Mixed Platforms.ActiveCfg = Release|x86
		{8EBCDA91-8A16-46FA-84BD-784982F9EAC8}.Release|Mixed Platforms.Build.0 = Release|x86
		{8EBCDA91-8A16-46FA-84BD-784982F9EAC8}.Release|x64.ActiveCfg = Release|Any CPU
		{8EBCDA91-8A16-46FA-84BD-784982F9EAC8}.Release|x86.ActiveCfg = Release|x86
		{8EBCDA91-8A16-46FA-84BD-784982F9EAC8}.Release|x86.Build.0 = Release|x86
		{178D26DF-C682-42D8-AEAB-C816111B69C6}.Debug|Any CPU.ActiveCfg = Debug|Any CPU
		{178D26DF-C682-42D8-AEAB-C816111B69C6}.Debug|Any CPU.Build.0 = Debug|Any CPU
		{178D26DF-C682-42D8-AEAB-C816111B69C6}.Debug|Mixed Platforms.ActiveCfg = Debug|x86
		{178D26DF-C682-42D8-AEAB-C816111B69C6}.Debug|Mixed Platforms.Build.0 = Debug|x86
		{178D26DF-C682-42D8-AEAB-C816111B69C6}.Debug|x64.ActiveCfg = Debug|Any CPU
		{178D26DF-C682-42D8-AEAB-C816111B69C6}.Debug|x86.ActiveCfg = Debug|x86
		{178D26DF-C682-42D8-AEAB-C816111B69C6}.Debug|x86.Build.0 = Debug|x86
		{178D26DF-C682-42D8-AEAB-C816111B69C6}.Release|Any CPU.ActiveCfg = Release|Any CPU
		{178D26DF-C682-42D8-AEAB-C816111B69C6}.Release|Any CPU.Build.0 = Release|Any CPU
		{178D26DF-C682-42D8-AEAB-C816111B69C6}.Release|Mixed Platforms.ActiveCfg = Release|x86
		{178D26DF-C682-42D8-AEAB-C816111B69C6}.Release|Mixed Platforms.Build.0 = Release|x86
		{178D26DF-C682-42D8-AEAB-C816111B69C6}.Release|x64.ActiveCfg = Release|Any CPU
		{178D26DF-C682-42D8-AEAB-C816111B69C6}.Release|x86.ActiveCfg = Release|x86
		{178D26DF-C682-42D8-AEAB-C816111B69C6}.Release|x86.Build.0 = Release|x86
		{F929E2C2-43ED-4D7E-8426-356B0EC3C540}.Debug|Any CPU.ActiveCfg = Debug|Any CPU
		{F929E2C2-43ED-4D7E-8426-356B0EC3C540}.Debug|Any CPU.Build.0 = Debug|Any CPU
		{F929E2C2-43ED-4D7E-8426-356B0EC3C540}.Debug|Mixed Platforms.ActiveCfg = Debug|x86
		{F929E2C2-43ED-4D7E-8426-356B0EC3C540}.Debug|Mixed Platforms.Build.0 = Debug|x86
		{F929E2C2-43ED-4D7E-8426-356B0EC3C540}.Debug|x64.ActiveCfg = Debug|Any CPU
		{F929E2C2-43ED-4D7E-8426-356B0EC3C540}.Debug|x86.ActiveCfg = Debug|x86
		{F929E2C2-43ED-4D7E-8426-356B0EC3C540}.Debug|x86.Build.0 = Debug|x86
		{F929E2C2-43ED-4D7E-8426-356B0EC3C540}.Release|Any CPU.ActiveCfg = Release|Any CPU
		{F929E2C2-43ED-4D7E-8426-356B0EC3C540}.Release|Any CPU.Build.0 = Release|Any CPU
		{F929E2C2-43ED-4D7E-8426-356B0EC3C540}.Release|Mixed Platforms.ActiveCfg = Release|x86
		{F929E2C2-43ED-4D7E-8426-356B0EC3C540}.Release|Mixed Platforms.Build.0 = Release|x86
		{F929E2C2-43ED-4D7E-8426-356B0EC3C540}.Release|x64.ActiveCfg = Release|Any CPU
		{F929E2C2-43ED-4D7E-8426-356B0EC3C540}.Release|x86.ActiveCfg = Release|x86
		{F929E2C2-43ED-4D7E-8426-356B0EC3C540}.Release|x86.Build.0 = Release|x86
		{F7B5E062-39A2-49A7-9233-21150F3DFB09}.Debug|Any CPU.ActiveCfg = Debug|Any CPU
		{F7B5E062-39A2-49A7-9233-21150F3DFB09}.Debug|Any CPU.Build.0 = Debug|Any CPU
		{F7B5E062-39A2-49A7-9233-21150F3DFB09}.Debug|Mixed Platforms.ActiveCfg = Debug|x86
		{F7B5E062-39A2-49A7-9233-21150F3DFB09}.Debug|Mixed Platforms.Build.0 = Debug|x86
		{F7B5E062-39A2-49A7-9233-21150F3DFB09}.Debug|x64.ActiveCfg = Debug|Any CPU
		{F7B5E062-39A2-49A7-9233-21150F3DFB09}.Debug|x86.ActiveCfg = Debug|x86
		{F7B5E062-39A2-49A7-9233-21150F3DFB09}.Debug|x86.Build.0 = Debug|x86
		{F7B5E062-39A2-49A7-9233-21150F3DFB09}.Release|Any CPU.ActiveCfg = Release|Any CPU
		{F7B5E062-39A2-49A7-9233-21150F3DFB09}.Release|Any CPU.Build.0 = Release|Any CPU
		{F7B5E062-39A2-49A7-9233-21150F3DFB09}.Release|Mixed Platforms.ActiveCfg = Release|x86
		{F7B5E062-39A2-49A7-9233-21150F3DFB09}.Release|Mixed Platforms.Build.0 = Release|x86
		{F7B5E062-39A2-49A7-9233-21150F3DFB09}.Release|x64.ActiveCfg = Release|Any CPU
		{F7B5E062-39A2-49A7-9233-21150F3DFB09}.Release|x86.ActiveCfg = Release|x86
		{F7B5E062-39A2-49A7-9233-21150F3DFB09}.Release|x86.Build.0 = Release|x86
		{3A9AD116-CA47-465E-AB89-3AB3346CB661}.Debug|Any CPU.ActiveCfg = Debug|Any CPU
		{3A9AD116-CA47-465E-AB89-3AB3346CB661}.Debug|Any CPU.Build.0 = Debug|Any CPU
		{3A9AD116-CA47-465E-AB89-3AB3346CB661}.Debug|Mixed Platforms.ActiveCfg = Debug|Any CPU
		{3A9AD116-CA47-465E-AB89-3AB3346CB661}.Debug|Mixed Platforms.Build.0 = Debug|Any CPU
		{3A9AD116-CA47-465E-AB89-3AB3346CB661}.Debug|x64.ActiveCfg = Debug|Any CPU
		{3A9AD116-CA47-465E-AB89-3AB3346CB661}.Debug|x86.ActiveCfg = Debug|Any CPU
		{3A9AD116-CA47-465E-AB89-3AB3346CB661}.Release|Any CPU.ActiveCfg = Release|Any CPU
		{3A9AD116-CA47-465E-AB89-3AB3346CB661}.Release|Any CPU.Build.0 = Release|Any CPU
		{3A9AD116-CA47-465E-AB89-3AB3346CB661}.Release|Mixed Platforms.ActiveCfg = Release|Any CPU
		{3A9AD116-CA47-465E-AB89-3AB3346CB661}.Release|Mixed Platforms.Build.0 = Release|Any CPU
		{3A9AD116-CA47-465E-AB89-3AB3346CB661}.Release|x64.ActiveCfg = Release|Any CPU
		{3A9AD116-CA47-465E-AB89-3AB3346CB661}.Release|x86.ActiveCfg = Release|x86
		{3A9AD116-CA47-465E-AB89-3AB3346CB661}.Release|x86.Build.0 = Release|x86
		{362F4D48-1622-4FA6-B26E-5F2B58A9949B}.Debug|Any CPU.ActiveCfg = Debug|Any CPU
		{362F4D48-1622-4FA6-B26E-5F2B58A9949B}.Debug|Any CPU.Build.0 = Debug|Any CPU
		{362F4D48-1622-4FA6-B26E-5F2B58A9949B}.Debug|Mixed Platforms.ActiveCfg = Debug|Any CPU
		{362F4D48-1622-4FA6-B26E-5F2B58A9949B}.Debug|Mixed Platforms.Build.0 = Debug|Any CPU
		{362F4D48-1622-4FA6-B26E-5F2B58A9949B}.Debug|x64.ActiveCfg = Debug|Any CPU
		{362F4D48-1622-4FA6-B26E-5F2B58A9949B}.Debug|x86.ActiveCfg = Debug|Any CPU
		{362F4D48-1622-4FA6-B26E-5F2B58A9949B}.Release|Any CPU.ActiveCfg = Release|Any CPU
		{362F4D48-1622-4FA6-B26E-5F2B58A9949B}.Release|Any CPU.Build.0 = Release|Any CPU
		{362F4D48-1622-4FA6-B26E-5F2B58A9949B}.Release|Mixed Platforms.ActiveCfg = Release|Any CPU
		{362F4D48-1622-4FA6-B26E-5F2B58A9949B}.Release|Mixed Platforms.Build.0 = Release|Any CPU
		{362F4D48-1622-4FA6-B26E-5F2B58A9949B}.Release|x64.ActiveCfg = Release|Any CPU
		{362F4D48-1622-4FA6-B26E-5F2B58A9949B}.Release|x86.ActiveCfg = Release|x86
		{362F4D48-1622-4FA6-B26E-5F2B58A9949B}.Release|x86.Build.0 = Release|x86
		{5A6FA1E2-2E9B-4FAF-93EC-BC6E1EF370DE}.Debug|Any CPU.ActiveCfg = Debug|Any CPU
		{5A6FA1E2-2E9B-4FAF-93EC-BC6E1EF370DE}.Debug|Any CPU.Build.0 = Debug|Any CPU
		{5A6FA1E2-2E9B-4FAF-93EC-BC6E1EF370DE}.Debug|Mixed Platforms.ActiveCfg = Debug|Any CPU
		{5A6FA1E2-2E9B-4FAF-93EC-BC6E1EF370DE}.Debug|Mixed Platforms.Build.0 = Debug|Any CPU
		{5A6FA1E2-2E9B-4FAF-93EC-BC6E1EF370DE}.Debug|x64.ActiveCfg = Debug|Any CPU
		{5A6FA1E2-2E9B-4FAF-93EC-BC6E1EF370DE}.Debug|x86.ActiveCfg = Debug|Any CPU
		{5A6FA1E2-2E9B-4FAF-93EC-BC6E1EF370DE}.Release|Any CPU.ActiveCfg = Release|Any CPU
		{5A6FA1E2-2E9B-4FAF-93EC-BC6E1EF370DE}.Release|Any CPU.Build.0 = Release|Any CPU
		{5A6FA1E2-2E9B-4FAF-93EC-BC6E1EF370DE}.Release|Mixed Platforms.ActiveCfg = Release|Any CPU
		{5A6FA1E2-2E9B-4FAF-93EC-BC6E1EF370DE}.Release|Mixed Platforms.Build.0 = Release|Any CPU
		{5A6FA1E2-2E9B-4FAF-93EC-BC6E1EF370DE}.Release|x64.ActiveCfg = Release|Any CPU
		{5A6FA1E2-2E9B-4FAF-93EC-BC6E1EF370DE}.Release|x86.ActiveCfg = Release|x86
		{5A6FA1E2-2E9B-4FAF-93EC-BC6E1EF370DE}.Release|x86.Build.0 = Release|x86
		{1178AD55-557B-454B-98C6-60C262434666}.Debug|Any CPU.ActiveCfg = Debug|Any CPU
		{1178AD55-557B-454B-98C6-60C262434666}.Debug|Any CPU.Build.0 = Debug|Any CPU
		{1178AD55-557B-454B-98C6-60C262434666}.Debug|Mixed Platforms.ActiveCfg = Debug|Any CPU
		{1178AD55-557B-454B-98C6-60C262434666}.Debug|Mixed Platforms.Build.0 = Debug|Any CPU
		{1178AD55-557B-454B-98C6-60C262434666}.Debug|x64.ActiveCfg = Debug|Any CPU
		{1178AD55-557B-454B-98C6-60C262434666}.Debug|x86.ActiveCfg = Debug|Any CPU
		{1178AD55-557B-454B-98C6-60C262434666}.Release|Any CPU.ActiveCfg = Release|Any CPU
		{1178AD55-557B-454B-98C6-60C262434666}.Release|Any CPU.Build.0 = Release|Any CPU
		{1178AD55-557B-454B-98C6-60C262434666}.Release|Mixed Platforms.ActiveCfg = Release|Any CPU
		{1178AD55-557B-454B-98C6-60C262434666}.Release|Mixed Platforms.Build.0 = Release|Any CPU
		{1178AD55-557B-454B-98C6-60C262434666}.Release|x64.ActiveCfg = Release|Any CPU
		{1178AD55-557B-454B-98C6-60C262434666}.Release|x86.ActiveCfg = Release|x86
		{1178AD55-557B-454B-98C6-60C262434666}.Release|x86.Build.0 = Release|x86
		{8A7A0760-711D-4778-963A-97A48BA23765}.Debug|Any CPU.ActiveCfg = Debug|Any CPU
		{8A7A0760-711D-4778-963A-97A48BA23765}.Debug|Any CPU.Build.0 = Debug|Any CPU
		{8A7A0760-711D-4778-963A-97A48BA23765}.Debug|Mixed Platforms.ActiveCfg = Debug|Any CPU
		{8A7A0760-711D-4778-963A-97A48BA23765}.Debug|Mixed Platforms.Build.0 = Debug|Any CPU
		{8A7A0760-711D-4778-963A-97A48BA23765}.Debug|x64.ActiveCfg = Debug|Any CPU
		{8A7A0760-711D-4778-963A-97A48BA23765}.Debug|x86.ActiveCfg = Debug|Any CPU
		{8A7A0760-711D-4778-963A-97A48BA23765}.Release|Any CPU.ActiveCfg = Release|Any CPU
		{8A7A0760-711D-4778-963A-97A48BA23765}.Release|Any CPU.Build.0 = Release|Any CPU
		{8A7A0760-711D-4778-963A-97A48BA23765}.Release|Mixed Platforms.ActiveCfg = Release|Any CPU
		{8A7A0760-711D-4778-963A-97A48BA23765}.Release|Mixed Platforms.Build.0 = Release|Any CPU
		{8A7A0760-711D-4778-963A-97A48BA23765}.Release|x64.ActiveCfg = Release|Any CPU
		{8A7A0760-711D-4778-963A-97A48BA23765}.Release|x86.ActiveCfg = Release|x86
		{8A7A0760-711D-4778-963A-97A48BA23765}.Release|x86.Build.0 = Release|x86
		{944D95F5-15BD-4C79-8D35-0DE37100AD36}.Debug|Any CPU.ActiveCfg = Debug|Any CPU
		{944D95F5-15BD-4C79-8D35-0DE37100AD36}.Debug|Any CPU.Build.0 = Debug|Any CPU
		{944D95F5-15BD-4C79-8D35-0DE37100AD36}.Debug|Mixed Platforms.ActiveCfg = Debug|x86
		{944D95F5-15BD-4C79-8D35-0DE37100AD36}.Debug|Mixed Platforms.Build.0 = Debug|x86
		{944D95F5-15BD-4C79-8D35-0DE37100AD36}.Debug|x64.ActiveCfg = Debug|Any CPU
		{944D95F5-15BD-4C79-8D35-0DE37100AD36}.Debug|x86.ActiveCfg = Debug|x86
		{944D95F5-15BD-4C79-8D35-0DE37100AD36}.Debug|x86.Build.0 = Debug|x86
		{944D95F5-15BD-4C79-8D35-0DE37100AD36}.Release|Any CPU.ActiveCfg = Release|Any CPU
		{944D95F5-15BD-4C79-8D35-0DE37100AD36}.Release|Any CPU.Build.0 = Release|Any CPU
		{944D95F5-15BD-4C79-8D35-0DE37100AD36}.Release|Mixed Platforms.ActiveCfg = Release|x86
		{944D95F5-15BD-4C79-8D35-0DE37100AD36}.Release|Mixed Platforms.Build.0 = Release|x86
		{944D95F5-15BD-4C79-8D35-0DE37100AD36}.Release|x64.ActiveCfg = Release|Any CPU
		{944D95F5-15BD-4C79-8D35-0DE37100AD36}.Release|x86.ActiveCfg = Release|x86
		{944D95F5-15BD-4C79-8D35-0DE37100AD36}.Release|x86.Build.0 = Release|x86
		{A1285A1E-D238-467B-89B2-BCF58BB4D2EE}.Debug|Any CPU.ActiveCfg = Debug|Any CPU
		{A1285A1E-D238-467B-89B2-BCF58BB4D2EE}.Debug|Any CPU.Build.0 = Debug|Any CPU
		{A1285A1E-D238-467B-89B2-BCF58BB4D2EE}.Debug|Mixed Platforms.ActiveCfg = Debug|x86
		{A1285A1E-D238-467B-89B2-BCF58BB4D2EE}.Debug|Mixed Platforms.Build.0 = Debug|x86
		{A1285A1E-D238-467B-89B2-BCF58BB4D2EE}.Debug|x64.ActiveCfg = Debug|Any CPU
		{A1285A1E-D238-467B-89B2-BCF58BB4D2EE}.Debug|x86.ActiveCfg = Debug|x86
		{A1285A1E-D238-467B-89B2-BCF58BB4D2EE}.Debug|x86.Build.0 = Debug|x86
		{A1285A1E-D238-467B-89B2-BCF58BB4D2EE}.Release|Any CPU.ActiveCfg = Release|Any CPU
		{A1285A1E-D238-467B-89B2-BCF58BB4D2EE}.Release|Any CPU.Build.0 = Release|Any CPU
		{A1285A1E-D238-467B-89B2-BCF58BB4D2EE}.Release|Mixed Platforms.ActiveCfg = Release|x86
		{A1285A1E-D238-467B-89B2-BCF58BB4D2EE}.Release|Mixed Platforms.Build.0 = Release|x86
		{A1285A1E-D238-467B-89B2-BCF58BB4D2EE}.Release|x64.ActiveCfg = Release|Any CPU
		{A1285A1E-D238-467B-89B2-BCF58BB4D2EE}.Release|x86.ActiveCfg = Release|x86
		{A1285A1E-D238-467B-89B2-BCF58BB4D2EE}.Release|x86.Build.0 = Release|x86
		{F87116B4-1B95-408B-8506-709C92F7B650}.Debug|Any CPU.ActiveCfg = Debug|Any CPU
		{F87116B4-1B95-408B-8506-709C92F7B650}.Debug|Any CPU.Build.0 = Debug|Any CPU
		{F87116B4-1B95-408B-8506-709C92F7B650}.Debug|Mixed Platforms.ActiveCfg = Debug|x86
		{F87116B4-1B95-408B-8506-709C92F7B650}.Debug|Mixed Platforms.Build.0 = Debug|x86
		{F87116B4-1B95-408B-8506-709C92F7B650}.Debug|x64.ActiveCfg = Debug|Any CPU
		{F87116B4-1B95-408B-8506-709C92F7B650}.Debug|x86.ActiveCfg = Debug|x86
		{F87116B4-1B95-408B-8506-709C92F7B650}.Debug|x86.Build.0 = Debug|x86
		{F87116B4-1B95-408B-8506-709C92F7B650}.Release|Any CPU.ActiveCfg = Release|Any CPU
		{F87116B4-1B95-408B-8506-709C92F7B650}.Release|Any CPU.Build.0 = Release|Any CPU
		{F87116B4-1B95-408B-8506-709C92F7B650}.Release|Mixed Platforms.ActiveCfg = Release|x86
		{F87116B4-1B95-408B-8506-709C92F7B650}.Release|Mixed Platforms.Build.0 = Release|x86
		{F87116B4-1B95-408B-8506-709C92F7B650}.Release|x64.ActiveCfg = Release|Any CPU
		{F87116B4-1B95-408B-8506-709C92F7B650}.Release|x86.ActiveCfg = Release|x86
		{F87116B4-1B95-408B-8506-709C92F7B650}.Release|x86.Build.0 = Release|x86
		{5AB1D7F4-0D37-4D6D-9939-1D6026CD33FD}.Debug|Any CPU.ActiveCfg = Debug|Any CPU
		{5AB1D7F4-0D37-4D6D-9939-1D6026CD33FD}.Debug|Any CPU.Build.0 = Debug|Any CPU
		{5AB1D7F4-0D37-4D6D-9939-1D6026CD33FD}.Debug|Mixed Platforms.ActiveCfg = Debug|Any CPU
		{5AB1D7F4-0D37-4D6D-9939-1D6026CD33FD}.Debug|Mixed Platforms.Build.0 = Debug|Any CPU
		{5AB1D7F4-0D37-4D6D-9939-1D6026CD33FD}.Debug|x64.ActiveCfg = Debug|Any CPU
		{5AB1D7F4-0D37-4D6D-9939-1D6026CD33FD}.Debug|x86.ActiveCfg = Debug|Any CPU
		{5AB1D7F4-0D37-4D6D-9939-1D6026CD33FD}.Release|Any CPU.ActiveCfg = Release|Any CPU
		{5AB1D7F4-0D37-4D6D-9939-1D6026CD33FD}.Release|Any CPU.Build.0 = Release|Any CPU
		{5AB1D7F4-0D37-4D6D-9939-1D6026CD33FD}.Release|Mixed Platforms.ActiveCfg = Release|Any CPU
		{5AB1D7F4-0D37-4D6D-9939-1D6026CD33FD}.Release|Mixed Platforms.Build.0 = Release|Any CPU
		{5AB1D7F4-0D37-4D6D-9939-1D6026CD33FD}.Release|x64.ActiveCfg = Release|Any CPU
		{5AB1D7F4-0D37-4D6D-9939-1D6026CD33FD}.Release|x86.ActiveCfg = Release|x86
		{5AB1D7F4-0D37-4D6D-9939-1D6026CD33FD}.Release|x86.Build.0 = Release|x86
		{8A430E1A-7A71-42F7-8429-CCB2261D8DEE}.Debug|Any CPU.ActiveCfg = Debug|Any CPU
		{8A430E1A-7A71-42F7-8429-CCB2261D8DEE}.Debug|Any CPU.Build.0 = Debug|Any CPU
		{8A430E1A-7A71-42F7-8429-CCB2261D8DEE}.Debug|Mixed Platforms.ActiveCfg = Debug|Any CPU
		{8A430E1A-7A71-42F7-8429-CCB2261D8DEE}.Debug|Mixed Platforms.Build.0 = Debug|Any CPU
		{8A430E1A-7A71-42F7-8429-CCB2261D8DEE}.Debug|x64.ActiveCfg = Debug|Any CPU
		{8A430E1A-7A71-42F7-8429-CCB2261D8DEE}.Debug|x86.ActiveCfg = Debug|Any CPU
		{8A430E1A-7A71-42F7-8429-CCB2261D8DEE}.Release|Any CPU.ActiveCfg = Release|Any CPU
		{8A430E1A-7A71-42F7-8429-CCB2261D8DEE}.Release|Any CPU.Build.0 = Release|Any CPU
		{8A430E1A-7A71-42F7-8429-CCB2261D8DEE}.Release|Mixed Platforms.ActiveCfg = Release|Any CPU
		{8A430E1A-7A71-42F7-8429-CCB2261D8DEE}.Release|Mixed Platforms.Build.0 = Release|Any CPU
		{8A430E1A-7A71-42F7-8429-CCB2261D8DEE}.Release|x64.ActiveCfg = Release|Any CPU
		{8A430E1A-7A71-42F7-8429-CCB2261D8DEE}.Release|x86.ActiveCfg = Release|Any CPU
		{9B4F18AF-1714-4C10-B099-C33350009232}.Debug|Any CPU.ActiveCfg = Debug|Any CPU
		{9B4F18AF-1714-4C10-B099-C33350009232}.Debug|Any CPU.Build.0 = Debug|Any CPU
		{9B4F18AF-1714-4C10-B099-C33350009232}.Debug|Mixed Platforms.ActiveCfg = Debug|Any CPU
		{9B4F18AF-1714-4C10-B099-C33350009232}.Debug|Mixed Platforms.Build.0 = Debug|Any CPU
		{9B4F18AF-1714-4C10-B099-C33350009232}.Debug|x64.ActiveCfg = Debug|Any CPU
		{9B4F18AF-1714-4C10-B099-C33350009232}.Debug|x86.ActiveCfg = Debug|Any CPU
		{9B4F18AF-1714-4C10-B099-C33350009232}.Release|Any CPU.ActiveCfg = Release|Any CPU
		{9B4F18AF-1714-4C10-B099-C33350009232}.Release|Any CPU.Build.0 = Release|Any CPU
		{9B4F18AF-1714-4C10-B099-C33350009232}.Release|Mixed Platforms.ActiveCfg = Release|Any CPU
		{9B4F18AF-1714-4C10-B099-C33350009232}.Release|Mixed Platforms.Build.0 = Release|Any CPU
		{9B4F18AF-1714-4C10-B099-C33350009232}.Release|x64.ActiveCfg = Release|Any CPU
		{9B4F18AF-1714-4C10-B099-C33350009232}.Release|x86.ActiveCfg = Release|x86
		{9B4F18AF-1714-4C10-B099-C33350009232}.Release|x86.Build.0 = Release|x86
		{093BD17B-1AC0-4866-A5C5-F5EF9BCF0D20}.Debug|Any CPU.ActiveCfg = Debug|Any CPU
		{093BD17B-1AC0-4866-A5C5-F5EF9BCF0D20}.Debug|Any CPU.Build.0 = Debug|Any CPU
		{093BD17B-1AC0-4866-A5C5-F5EF9BCF0D20}.Debug|Mixed Platforms.ActiveCfg = Debug|Any CPU
		{093BD17B-1AC0-4866-A5C5-F5EF9BCF0D20}.Debug|Mixed Platforms.Build.0 = Debug|Any CPU
		{093BD17B-1AC0-4866-A5C5-F5EF9BCF0D20}.Debug|x64.ActiveCfg = Debug|Any CPU
		{093BD17B-1AC0-4866-A5C5-F5EF9BCF0D20}.Debug|x86.ActiveCfg = Debug|Any CPU
		{093BD17B-1AC0-4866-A5C5-F5EF9BCF0D20}.Release|Any CPU.ActiveCfg = Release|Any CPU
		{093BD17B-1AC0-4866-A5C5-F5EF9BCF0D20}.Release|Any CPU.Build.0 = Release|Any CPU
		{093BD17B-1AC0-4866-A5C5-F5EF9BCF0D20}.Release|Mixed Platforms.ActiveCfg = Release|Any CPU
		{093BD17B-1AC0-4866-A5C5-F5EF9BCF0D20}.Release|Mixed Platforms.Build.0 = Release|Any CPU
		{093BD17B-1AC0-4866-A5C5-F5EF9BCF0D20}.Release|x64.ActiveCfg = Release|Any CPU
		{093BD17B-1AC0-4866-A5C5-F5EF9BCF0D20}.Release|x86.ActiveCfg = Release|Any CPU
		{CA19B9F8-8521-40C8-8918-33B15B2935D2}.Debug|Any CPU.ActiveCfg = Debug|Any CPU
		{CA19B9F8-8521-40C8-8918-33B15B2935D2}.Debug|Any CPU.Build.0 = Debug|Any CPU
		{CA19B9F8-8521-40C8-8918-33B15B2935D2}.Debug|Mixed Platforms.ActiveCfg = Debug|Any CPU
		{CA19B9F8-8521-40C8-8918-33B15B2935D2}.Debug|Mixed Platforms.Build.0 = Debug|Any CPU
		{CA19B9F8-8521-40C8-8918-33B15B2935D2}.Debug|x64.ActiveCfg = Debug|Any CPU
		{CA19B9F8-8521-40C8-8918-33B15B2935D2}.Debug|x86.ActiveCfg = Debug|Any CPU
		{CA19B9F8-8521-40C8-8918-33B15B2935D2}.Release|Any CPU.ActiveCfg = Release|Any CPU
		{CA19B9F8-8521-40C8-8918-33B15B2935D2}.Release|Any CPU.Build.0 = Release|Any CPU
		{CA19B9F8-8521-40C8-8918-33B15B2935D2}.Release|Mixed Platforms.ActiveCfg = Release|Any CPU
		{CA19B9F8-8521-40C8-8918-33B15B2935D2}.Release|Mixed Platforms.Build.0 = Release|Any CPU
		{CA19B9F8-8521-40C8-8918-33B15B2935D2}.Release|x64.ActiveCfg = Release|Any CPU
		{CA19B9F8-8521-40C8-8918-33B15B2935D2}.Release|x86.ActiveCfg = Release|x86
		{CA19B9F8-8521-40C8-8918-33B15B2935D2}.Release|x86.Build.0 = Release|x86
		{2180A519-31FE-4C19-8D39-A4DFEC26CF9A}.Debug|Any CPU.ActiveCfg = Debug|Any CPU
		{2180A519-31FE-4C19-8D39-A4DFEC26CF9A}.Debug|Any CPU.Build.0 = Debug|Any CPU
		{2180A519-31FE-4C19-8D39-A4DFEC26CF9A}.Debug|Mixed Platforms.ActiveCfg = Debug|x86
		{2180A519-31FE-4C19-8D39-A4DFEC26CF9A}.Debug|Mixed Platforms.Build.0 = Debug|x86
		{2180A519-31FE-4C19-8D39-A4DFEC26CF9A}.Debug|x64.ActiveCfg = Debug|Any CPU
		{2180A519-31FE-4C19-8D39-A4DFEC26CF9A}.Debug|x86.ActiveCfg = Debug|x86
		{2180A519-31FE-4C19-8D39-A4DFEC26CF9A}.Debug|x86.Build.0 = Debug|x86
		{2180A519-31FE-4C19-8D39-A4DFEC26CF9A}.Release|Any CPU.ActiveCfg = Release|Any CPU
		{2180A519-31FE-4C19-8D39-A4DFEC26CF9A}.Release|Any CPU.Build.0 = Release|Any CPU
		{2180A519-31FE-4C19-8D39-A4DFEC26CF9A}.Release|Mixed Platforms.ActiveCfg = Release|x86
		{2180A519-31FE-4C19-8D39-A4DFEC26CF9A}.Release|Mixed Platforms.Build.0 = Release|x86
		{2180A519-31FE-4C19-8D39-A4DFEC26CF9A}.Release|x64.ActiveCfg = Release|Any CPU
		{2180A519-31FE-4C19-8D39-A4DFEC26CF9A}.Release|x86.ActiveCfg = Release|x86
		{2180A519-31FE-4C19-8D39-A4DFEC26CF9A}.Release|x86.Build.0 = Release|x86
		{6861EE48-2C2C-4034-8930-181EBE48CC7A}.Debug|Any CPU.ActiveCfg = Debug|Any CPU
		{6861EE48-2C2C-4034-8930-181EBE48CC7A}.Debug|Any CPU.Build.0 = Debug|Any CPU
		{6861EE48-2C2C-4034-8930-181EBE48CC7A}.Debug|Mixed Platforms.ActiveCfg = Debug|Any CPU
		{6861EE48-2C2C-4034-8930-181EBE48CC7A}.Debug|Mixed Platforms.Build.0 = Debug|Any CPU
		{6861EE48-2C2C-4034-8930-181EBE48CC7A}.Debug|x64.ActiveCfg = Debug|Any CPU
		{6861EE48-2C2C-4034-8930-181EBE48CC7A}.Debug|x86.ActiveCfg = Debug|Any CPU
		{6861EE48-2C2C-4034-8930-181EBE48CC7A}.Release|Any CPU.ActiveCfg = Release|Any CPU
		{6861EE48-2C2C-4034-8930-181EBE48CC7A}.Release|Any CPU.Build.0 = Release|Any CPU
		{6861EE48-2C2C-4034-8930-181EBE48CC7A}.Release|Mixed Platforms.ActiveCfg = Release|Any CPU
		{6861EE48-2C2C-4034-8930-181EBE48CC7A}.Release|Mixed Platforms.Build.0 = Release|Any CPU
		{6861EE48-2C2C-4034-8930-181EBE48CC7A}.Release|x64.ActiveCfg = Release|Any CPU
		{6861EE48-2C2C-4034-8930-181EBE48CC7A}.Release|x86.ActiveCfg = Release|x86
		{6861EE48-2C2C-4034-8930-181EBE48CC7A}.Release|x86.Build.0 = Release|x86
		{AE429508-4CB7-499E-88F0-C939496E7BEA}.Debug|Any CPU.ActiveCfg = Debug|Any CPU
		{AE429508-4CB7-499E-88F0-C939496E7BEA}.Debug|Any CPU.Build.0 = Debug|Any CPU
		{AE429508-4CB7-499E-88F0-C939496E7BEA}.Debug|Mixed Platforms.ActiveCfg = Debug|x86
		{AE429508-4CB7-499E-88F0-C939496E7BEA}.Debug|Mixed Platforms.Build.0 = Debug|x86
		{AE429508-4CB7-499E-88F0-C939496E7BEA}.Debug|x64.ActiveCfg = Debug|Any CPU
		{AE429508-4CB7-499E-88F0-C939496E7BEA}.Debug|x86.ActiveCfg = Debug|x86
		{AE429508-4CB7-499E-88F0-C939496E7BEA}.Debug|x86.Build.0 = Debug|x86
		{AE429508-4CB7-499E-88F0-C939496E7BEA}.Release|Any CPU.ActiveCfg = Release|Any CPU
		{AE429508-4CB7-499E-88F0-C939496E7BEA}.Release|Any CPU.Build.0 = Release|Any CPU
		{AE429508-4CB7-499E-88F0-C939496E7BEA}.Release|Mixed Platforms.ActiveCfg = Release|x86
		{AE429508-4CB7-499E-88F0-C939496E7BEA}.Release|Mixed Platforms.Build.0 = Release|x86
		{AE429508-4CB7-499E-88F0-C939496E7BEA}.Release|x64.ActiveCfg = Release|Any CPU
		{AE429508-4CB7-499E-88F0-C939496E7BEA}.Release|x86.ActiveCfg = Release|x86
		{AE429508-4CB7-499E-88F0-C939496E7BEA}.Release|x86.Build.0 = Release|x86
		{C5F63C04-3B10-4FA9-96CA-226C4D405583}.Debug|Any CPU.ActiveCfg = Debug|Any CPU
		{C5F63C04-3B10-4FA9-96CA-226C4D405583}.Debug|Any CPU.Build.0 = Debug|Any CPU
		{C5F63C04-3B10-4FA9-96CA-226C4D405583}.Debug|Mixed Platforms.ActiveCfg = Debug|x86
		{C5F63C04-3B10-4FA9-96CA-226C4D405583}.Debug|Mixed Platforms.Build.0 = Debug|x86
		{C5F63C04-3B10-4FA9-96CA-226C4D405583}.Debug|x64.ActiveCfg = Debug|x64
		{C5F63C04-3B10-4FA9-96CA-226C4D405583}.Debug|x64.Build.0 = Debug|x64
		{C5F63C04-3B10-4FA9-96CA-226C4D405583}.Debug|x86.ActiveCfg = Debug|x86
		{C5F63C04-3B10-4FA9-96CA-226C4D405583}.Debug|x86.Build.0 = Debug|x86
		{C5F63C04-3B10-4FA9-96CA-226C4D405583}.Release|Any CPU.ActiveCfg = Release|Any CPU
		{C5F63C04-3B10-4FA9-96CA-226C4D405583}.Release|Any CPU.Build.0 = Release|Any CPU
		{C5F63C04-3B10-4FA9-96CA-226C4D405583}.Release|Mixed Platforms.ActiveCfg = Release|x86
		{C5F63C04-3B10-4FA9-96CA-226C4D405583}.Release|Mixed Platforms.Build.0 = Release|x86
		{C5F63C04-3B10-4FA9-96CA-226C4D405583}.Release|x64.ActiveCfg = Release|x64
		{C5F63C04-3B10-4FA9-96CA-226C4D405583}.Release|x64.Build.0 = Release|x64
		{C5F63C04-3B10-4FA9-96CA-226C4D405583}.Release|x86.ActiveCfg = Release|x86
		{C5F63C04-3B10-4FA9-96CA-226C4D405583}.Release|x86.Build.0 = Release|x86
		{7324889C-E198-4959-903A-4D183C356CB3}.Debug|Any CPU.ActiveCfg = Debug|Any CPU
		{7324889C-E198-4959-903A-4D183C356CB3}.Debug|Any CPU.Build.0 = Debug|Any CPU
		{7324889C-E198-4959-903A-4D183C356CB3}.Debug|Mixed Platforms.ActiveCfg = Debug|x86
		{7324889C-E198-4959-903A-4D183C356CB3}.Debug|Mixed Platforms.Build.0 = Debug|x86
		{7324889C-E198-4959-903A-4D183C356CB3}.Debug|x64.ActiveCfg = Debug|Any CPU
		{7324889C-E198-4959-903A-4D183C356CB3}.Debug|x86.ActiveCfg = Debug|x86
		{7324889C-E198-4959-903A-4D183C356CB3}.Debug|x86.Build.0 = Debug|x86
		{7324889C-E198-4959-903A-4D183C356CB3}.Release|Any CPU.ActiveCfg = Release|Any CPU
		{7324889C-E198-4959-903A-4D183C356CB3}.Release|Any CPU.Build.0 = Release|Any CPU
		{7324889C-E198-4959-903A-4D183C356CB3}.Release|Mixed Platforms.ActiveCfg = Release|x86
		{7324889C-E198-4959-903A-4D183C356CB3}.Release|Mixed Platforms.Build.0 = Release|x86
		{7324889C-E198-4959-903A-4D183C356CB3}.Release|x64.ActiveCfg = Release|Any CPU
		{7324889C-E198-4959-903A-4D183C356CB3}.Release|x86.ActiveCfg = Release|x86
		{7324889C-E198-4959-903A-4D183C356CB3}.Release|x86.Build.0 = Release|x86
	EndGlobalSection
	GlobalSection(SolutionProperties) = preSolution
		HideSolutionNode = FALSE
	EndGlobalSection
	GlobalSection(NestedProjects) = preSolution
		{785AA2AA-CC7E-408B-B61C-2DFB906D1797} = {28384BFE-622B-48AD-8CE6-1FE5E36F82FE}
		{8EBCDA91-8A16-46FA-84BD-784982F9EAC8} = {28384BFE-622B-48AD-8CE6-1FE5E36F82FE}
		{178D26DF-C682-42D8-AEAB-C816111B69C6} = {28384BFE-622B-48AD-8CE6-1FE5E36F82FE}
		{F929E2C2-43ED-4D7E-8426-356B0EC3C540} = {A3284166-197F-41FD-ACED-9242061BB2CB}
		{F7B5E062-39A2-49A7-9233-21150F3DFB09} = {A3284166-197F-41FD-ACED-9242061BB2CB}
		{3A9AD116-CA47-465E-AB89-3AB3346CB661} = {3E196D78-FDD6-4B90-8E62-713A417F1717}
		{362F4D48-1622-4FA6-B26E-5F2B58A9949B} = {6DBB2376-272E-4F58-818C-E484F230A13B}
		{5A6FA1E2-2E9B-4FAF-93EC-BC6E1EF370DE} = {3E196D78-FDD6-4B90-8E62-713A417F1717}
		{1178AD55-557B-454B-98C6-60C262434666} = {3E196D78-FDD6-4B90-8E62-713A417F1717}
		{8A7A0760-711D-4778-963A-97A48BA23765} = {3E196D78-FDD6-4B90-8E62-713A417F1717}
		{944D95F5-15BD-4C79-8D35-0DE37100AD36} = {3E196D78-FDD6-4B90-8E62-713A417F1717}
		{A1285A1E-D238-467B-89B2-BCF58BB4D2EE} = {3E196D78-FDD6-4B90-8E62-713A417F1717}
		{5AB1D7F4-0D37-4D6D-9939-1D6026CD33FD} = {EE967FFE-155D-49E1-8EBD-46D640793381}
		{CA19B9F8-8521-40C8-8918-33B15B2935D2} = {EE967FFE-155D-49E1-8EBD-46D640793381}
		{7324889C-E198-4959-903A-4D183C356CB3} = {A3284166-197F-41FD-ACED-9242061BB2CB}
	EndGlobalSection
EndGlobal
